// !$*UTF8*$!
{
	archiveVersion = 1;
	classes = {
	};
	objectVersion = 55;
	objects = {

/* Begin PBXBuildFile section */
		1321A0FEBDD04CB688B678C9 /* Pods_SpotifyApp.framework in Frameworks */ = {isa = PBXBuildFile; fileRef = 62F0F78C231B5BB8A364798F /* Pods_SpotifyApp.framework */; };
		E337F77227DD4B2200689A7A /* AlbumViewModel.swift in Sources */ = {isa = PBXBuildFile; fileRef = E337F77127DD4B2200689A7A /* AlbumViewModel.swift */; };
		E337F77A27DD55AC00689A7A /* AlbumDetailResponse.swift in Sources */ = {isa = PBXBuildFile; fileRef = E337F77927DD55AC00689A7A /* AlbumDetailResponse.swift */; };
		E337F77C27DD561500689A7A /* ArtistDetailResponse.swift in Sources */ = {isa = PBXBuildFile; fileRef = E337F77B27DD561500689A7A /* ArtistDetailResponse.swift */; };
		E337F77E27DD564300689A7A /* TrackDetailResponse.swift in Sources */ = {isa = PBXBuildFile; fileRef = E337F77D27DD564300689A7A /* TrackDetailResponse.swift */; };
		E337F78227DDF8BE00689A7A /* ImageHeaderView.swift in Sources */ = {isa = PBXBuildFile; fileRef = E337F78127DDF8BE00689A7A /* ImageHeaderView.swift */; };
		E337F78627DE1E9500689A7A /* CurrentUserPlaylistsResponse.swift in Sources */ = {isa = PBXBuildFile; fileRef = E337F78527DE1E9500689A7A /* CurrentUserPlaylistsResponse.swift */; };
		E337F78827DE293900689A7A /* SearchResponse.swift in Sources */ = {isa = PBXBuildFile; fileRef = E337F78727DE293900689A7A /* SearchResponse.swift */; };
		E337F78A27DE2EA400689A7A /* UserPlaylistCollectionViewCell.swift in Sources */ = {isa = PBXBuildFile; fileRef = E337F78927DE2EA400689A7A /* UserPlaylistCollectionViewCell.swift */; };
		E337F78C27DE4AA800689A7A /* RecentlyPlayedResponse.swift in Sources */ = {isa = PBXBuildFile; fileRef = E337F78B27DE4AA800689A7A /* RecentlyPlayedResponse.swift */; };
		E337F78E27DE5C3D00689A7A /* HomeSectionHeaderView.swift in Sources */ = {isa = PBXBuildFile; fileRef = E337F78D27DE5C3D00689A7A /* HomeSectionHeaderView.swift */; };
		E337F79127DE772D00689A7A /* TrackViewCell.swift in Sources */ = {isa = PBXBuildFile; fileRef = E337F79027DE772D00689A7A /* TrackViewCell.swift */; };
		E341042027D9793C006BCAB6 /* AuthResponse.swift in Sources */ = {isa = PBXBuildFile; fileRef = E341041F27D9793C006BCAB6 /* AuthResponse.swift */; };
		E341042327DA556E006BCAB6 /* APICaller.swift in Sources */ = {isa = PBXBuildFile; fileRef = E341042227DA556E006BCAB6 /* APICaller.swift */; };
		E341042527DA55A6006BCAB6 /* UserProfileResponse.swift in Sources */ = {isa = PBXBuildFile; fileRef = E341042427DA55A6006BCAB6 /* UserProfileResponse.swift */; };
		E341042827DA65D4006BCAB6 /* UserProfileViewController.swift in Sources */ = {isa = PBXBuildFile; fileRef = E341042727DA65D4006BCAB6 /* UserProfileViewController.swift */; };
		E341042B27DA662D006BCAB6 /* UserProfileViewModel.swift in Sources */ = {isa = PBXBuildFile; fileRef = E341042A27DA662D006BCAB6 /* UserProfileViewModel.swift */; };
		E341042E27DA6702006BCAB6 /* Observable.swift in Sources */ = {isa = PBXBuildFile; fileRef = E341042D27DA6702006BCAB6 /* Observable.swift */; };
		E341043527DA7354006BCAB6 /* SettingsViewController.swift in Sources */ = {isa = PBXBuildFile; fileRef = E341043427DA7354006BCAB6 /* SettingsViewController.swift */; };
		E341043927DA875F006BCAB6 /* SettingsModels.swift in Sources */ = {isa = PBXBuildFile; fileRef = E341043827DA875F006BCAB6 /* SettingsModels.swift */; };
		E341043B27DA8ACB006BCAB6 /* SettingsViewModelDelegate.swift in Sources */ = {isa = PBXBuildFile; fileRef = E341043A27DA8ACB006BCAB6 /* SettingsViewModelDelegate.swift */; };
		E341043D27DA8B27006BCAB6 /* SettingsViewModel.swift in Sources */ = {isa = PBXBuildFile; fileRef = E341043C27DA8B27006BCAB6 /* SettingsViewModel.swift */; };
		E341044027DA92F3006BCAB6 /* UserProfileHeader.swift in Sources */ = {isa = PBXBuildFile; fileRef = E341043F27DA92F3006BCAB6 /* UserProfileHeader.swift */; };
		E341044527DBF39C006BCAB6 /* HomeViewModel.swift in Sources */ = {isa = PBXBuildFile; fileRef = E341044427DBF39C006BCAB6 /* HomeViewModel.swift */; };
		E341044927DBF46E006BCAB6 /* SpotifyImage.swift in Sources */ = {isa = PBXBuildFile; fileRef = E341044827DBF46E006BCAB6 /* SpotifyImage.swift */; };
		E341045527DC003A006BCAB6 /* FeaturedPlaylistsResponse.swift in Sources */ = {isa = PBXBuildFile; fileRef = E341045427DC003A006BCAB6 /* FeaturedPlaylistsResponse.swift */; };
		E369E1C227DF726D00B6DCE8 /* TrackActionsViewController.swift in Sources */ = {isa = PBXBuildFile; fileRef = E369E1C127DF726D00B6DCE8 /* TrackActionsViewController.swift */; };
		E369E1C427DF732E00B6DCE8 /* TrackActionsViewModel.swift in Sources */ = {isa = PBXBuildFile; fileRef = E369E1C327DF732E00B6DCE8 /* TrackActionsViewModel.swift */; };
		E38EC3C427DD27F700482502 /* Functions.swift in Sources */ = {isa = PBXBuildFile; fileRef = E38EC3C327DD27F700482502 /* Functions.swift */; };
		E39AAA5827DFC30E0033877A /* TrackContainerHeaderView.swift in Sources */ = {isa = PBXBuildFile; fileRef = E39AAA5727DFC30E0033877A /* TrackContainerHeaderView.swift */; };
		E39AAA5A27DFCD0A0033877A /* UIImageExtension.swift in Sources */ = {isa = PBXBuildFile; fileRef = E39AAA5927DFCD0A0033877A /* UIImageExtension.swift */; };
		E39AAA5C27E0CD170033877A /* TrackContainerViewController.swift in Sources */ = {isa = PBXBuildFile; fileRef = E39AAA5B27E0CD170033877A /* TrackContainerViewController.swift */; };
		E39AAA5E27E0CE690033877A /* Protocols.swift in Sources */ = {isa = PBXBuildFile; fileRef = E39AAA5D27E0CE690033877A /* Protocols.swift */; };
		E39AAA6027E0D7F20033877A /* PlaylistViewModel.swift in Sources */ = {isa = PBXBuildFile; fileRef = E39AAA5F27E0D7F20033877A /* PlaylistViewModel.swift */; };
		E39AAA6227E0D8CF0033877A /* PlaylistDetailResponse.swift in Sources */ = {isa = PBXBuildFile; fileRef = E39AAA6127E0D8CF0033877A /* PlaylistDetailResponse.swift */; };
		E39AAA6527E10D940033877A /* SearchResultsController.swift in Sources */ = {isa = PBXBuildFile; fileRef = E39AAA6427E10D940033877A /* SearchResultsController.swift */; };
		E39AAA6727E10F190033877A /* SearchViewModel.swift in Sources */ = {isa = PBXBuildFile; fileRef = E39AAA6627E10F190033877A /* SearchViewModel.swift */; };
		E39AAA6A27E1146E0033877A /* SuggestionGroupViewCell.swift in Sources */ = {isa = PBXBuildFile; fileRef = E39AAA6927E1146E0033877A /* SuggestionGroupViewCell.swift */; };
		E3A7BC6827D95D600046154C /* AppDelegate.swift in Sources */ = {isa = PBXBuildFile; fileRef = E3A7BC6727D95D600046154C /* AppDelegate.swift */; };
		E3A7BC6A27D95D600046154C /* SceneDelegate.swift in Sources */ = {isa = PBXBuildFile; fileRef = E3A7BC6927D95D600046154C /* SceneDelegate.swift */; };
		E3A7BC7127D95D620046154C /* Assets.xcassets in Resources */ = {isa = PBXBuildFile; fileRef = E3A7BC7027D95D620046154C /* Assets.xcassets */; };
		E3A7BC7427D95D620046154C /* LaunchScreen.storyboard in Resources */ = {isa = PBXBuildFile; fileRef = E3A7BC7227D95D620046154C /* LaunchScreen.storyboard */; };
		E3A7BC7F27D95E200046154C /* TabBarController.swift in Sources */ = {isa = PBXBuildFile; fileRef = E3A7BC7E27D95E200046154C /* TabBarController.swift */; };
		E3A7BC8127D95E3F0046154C /* HomeViewController.swift in Sources */ = {isa = PBXBuildFile; fileRef = E3A7BC8027D95E3F0046154C /* HomeViewController.swift */; };
		E3A7BC8327D95E480046154C /* SearchViewController.swift in Sources */ = {isa = PBXBuildFile; fileRef = E3A7BC8227D95E480046154C /* SearchViewController.swift */; };
		E3A7BC8527D95E500046154C /* LibraryViewController.swift in Sources */ = {isa = PBXBuildFile; fileRef = E3A7BC8427D95E500046154C /* LibraryViewController.swift */; };
		E3A7BC8727D9609F0046154C /* AuthManager.swift in Sources */ = {isa = PBXBuildFile; fileRef = E3A7BC8627D9609F0046154C /* AuthManager.swift */; };
		E3A7BC8B27D962D30046154C /* WelcomeViewController.swift in Sources */ = {isa = PBXBuildFile; fileRef = E3A7BC8A27D962D30046154C /* WelcomeViewController.swift */; };
		E3AA509A27DC016700575C7F /* NewReleasesResponse.swift in Sources */ = {isa = PBXBuildFile; fileRef = E3AA509927DC016700575C7F /* NewReleasesResponse.swift */; };
		E3AA509C27DC083B00575C7F /* UsersTopArtistsResponse.swift in Sources */ = {isa = PBXBuildFile; fileRef = E3AA509B27DC083B00575C7F /* UsersTopArtistsResponse.swift */; };
		E3AA509E27DC09F100575C7F /* UsersTopTracksResponse.swift in Sources */ = {isa = PBXBuildFile; fileRef = E3AA509D27DC09F100575C7F /* UsersTopTracksResponse.swift */; };
		E3AA50A027DC0A9100575C7F /* ArtistResponse.swift in Sources */ = {isa = PBXBuildFile; fileRef = E3AA509F27DC0A9100575C7F /* ArtistResponse.swift */; };
		E3AA50A227DC0B0E00575C7F /* AlbumResponse.swift in Sources */ = {isa = PBXBuildFile; fileRef = E3AA50A127DC0B0E00575C7F /* AlbumResponse.swift */; };
		E3AA50A427DC0B6A00575C7F /* TrackResponse.swift in Sources */ = {isa = PBXBuildFile; fileRef = E3AA50A327DC0B6A00575C7F /* TrackResponse.swift */; };
		E3AA50A627DC154400575C7F /* RecommendationsResponse.swift in Sources */ = {isa = PBXBuildFile; fileRef = E3AA50A527DC154400575C7F /* RecommendationsResponse.swift */; };
		E3AA50A927DCDCA700575C7F /* AlbumViewCell.swift in Sources */ = {isa = PBXBuildFile; fileRef = E3AA50A827DCDCA700575C7F /* AlbumViewCell.swift */; };
		E3AA50AB27DCDCB500575C7F /* FeaturedPlaylistCollectionViewCell.swift in Sources */ = {isa = PBXBuildFile; fileRef = E3AA50AA27DCDCB500575C7F /* FeaturedPlaylistCollectionViewCell.swift */; };
		E3AA50AD27DCDCC200575C7F /* HomeTrackViewCell.swift in Sources */ = {isa = PBXBuildFile; fileRef = E3AA50AC27DCDCC200575C7F /* HomeTrackViewCell.swift */; };
		E3AA50B027DCE04900575C7F /* Models.swift in Sources */ = {isa = PBXBuildFile; fileRef = E3AA50AF27DCE04900575C7F /* Models.swift */; };
/* End PBXBuildFile section */

/* Begin PBXFileReference section */
		62F0F78C231B5BB8A364798F /* Pods_SpotifyApp.framework */ = {isa = PBXFileReference; explicitFileType = wrapper.framework; includeInIndex = 0; path = Pods_SpotifyApp.framework; sourceTree = BUILT_PRODUCTS_DIR; };
		78121FC950771641BB941454 /* Pods-SpotifyApp.release.xcconfig */ = {isa = PBXFileReference; includeInIndex = 1; lastKnownFileType = text.xcconfig; name = "Pods-SpotifyApp.release.xcconfig"; path = "Target Support Files/Pods-SpotifyApp/Pods-SpotifyApp.release.xcconfig"; sourceTree = "<group>"; };
		A333DFBC3153C4604FF74822 /* Pods-SpotifyApp.debug.xcconfig */ = {isa = PBXFileReference; includeInIndex = 1; lastKnownFileType = text.xcconfig; name = "Pods-SpotifyApp.debug.xcconfig"; path = "Target Support Files/Pods-SpotifyApp/Pods-SpotifyApp.debug.xcconfig"; sourceTree = "<group>"; };
		E337F77127DD4B2200689A7A /* AlbumViewModel.swift */ = {isa = PBXFileReference; lastKnownFileType = sourcecode.swift; path = AlbumViewModel.swift; sourceTree = "<group>"; };
		E337F77927DD55AC00689A7A /* AlbumDetailResponse.swift */ = {isa = PBXFileReference; lastKnownFileType = sourcecode.swift; path = AlbumDetailResponse.swift; sourceTree = "<group>"; };
		E337F77B27DD561500689A7A /* ArtistDetailResponse.swift */ = {isa = PBXFileReference; lastKnownFileType = sourcecode.swift; path = ArtistDetailResponse.swift; sourceTree = "<group>"; };
		E337F77D27DD564300689A7A /* TrackDetailResponse.swift */ = {isa = PBXFileReference; lastKnownFileType = sourcecode.swift; path = TrackDetailResponse.swift; sourceTree = "<group>"; };
		E337F78127DDF8BE00689A7A /* ImageHeaderView.swift */ = {isa = PBXFileReference; lastKnownFileType = sourcecode.swift; path = ImageHeaderView.swift; sourceTree = "<group>"; };
		E337F78527DE1E9500689A7A /* CurrentUserPlaylistsResponse.swift */ = {isa = PBXFileReference; lastKnownFileType = sourcecode.swift; path = CurrentUserPlaylistsResponse.swift; sourceTree = "<group>"; };
		E337F78727DE293900689A7A /* SearchResponse.swift */ = {isa = PBXFileReference; lastKnownFileType = sourcecode.swift; path = SearchResponse.swift; sourceTree = "<group>"; };
		E337F78927DE2EA400689A7A /* UserPlaylistCollectionViewCell.swift */ = {isa = PBXFileReference; lastKnownFileType = sourcecode.swift; path = UserPlaylistCollectionViewCell.swift; sourceTree = "<group>"; };
		E337F78B27DE4AA800689A7A /* RecentlyPlayedResponse.swift */ = {isa = PBXFileReference; lastKnownFileType = sourcecode.swift; path = RecentlyPlayedResponse.swift; sourceTree = "<group>"; };
		E337F78D27DE5C3D00689A7A /* HomeSectionHeaderView.swift */ = {isa = PBXFileReference; lastKnownFileType = sourcecode.swift; path = HomeSectionHeaderView.swift; sourceTree = "<group>"; };
		E337F79027DE772D00689A7A /* TrackViewCell.swift */ = {isa = PBXFileReference; lastKnownFileType = sourcecode.swift; path = TrackViewCell.swift; sourceTree = "<group>"; };
		E341041F27D9793C006BCAB6 /* AuthResponse.swift */ = {isa = PBXFileReference; lastKnownFileType = sourcecode.swift; path = AuthResponse.swift; sourceTree = "<group>"; };
		E341042227DA556E006BCAB6 /* APICaller.swift */ = {isa = PBXFileReference; lastKnownFileType = sourcecode.swift; path = APICaller.swift; sourceTree = "<group>"; };
		E341042427DA55A6006BCAB6 /* UserProfileResponse.swift */ = {isa = PBXFileReference; lastKnownFileType = sourcecode.swift; path = UserProfileResponse.swift; sourceTree = "<group>"; };
		E341042727DA65D4006BCAB6 /* UserProfileViewController.swift */ = {isa = PBXFileReference; lastKnownFileType = sourcecode.swift; path = UserProfileViewController.swift; sourceTree = "<group>"; };
		E341042A27DA662D006BCAB6 /* UserProfileViewModel.swift */ = {isa = PBXFileReference; lastKnownFileType = sourcecode.swift; path = UserProfileViewModel.swift; sourceTree = "<group>"; };
		E341042D27DA6702006BCAB6 /* Observable.swift */ = {isa = PBXFileReference; lastKnownFileType = sourcecode.swift; path = Observable.swift; sourceTree = "<group>"; };
		E341043427DA7354006BCAB6 /* SettingsViewController.swift */ = {isa = PBXFileReference; lastKnownFileType = sourcecode.swift; path = SettingsViewController.swift; sourceTree = "<group>"; };
		E341043827DA875F006BCAB6 /* SettingsModels.swift */ = {isa = PBXFileReference; lastKnownFileType = sourcecode.swift; path = SettingsModels.swift; sourceTree = "<group>"; };
		E341043A27DA8ACB006BCAB6 /* SettingsViewModelDelegate.swift */ = {isa = PBXFileReference; lastKnownFileType = sourcecode.swift; path = SettingsViewModelDelegate.swift; sourceTree = "<group>"; };
		E341043C27DA8B27006BCAB6 /* SettingsViewModel.swift */ = {isa = PBXFileReference; lastKnownFileType = sourcecode.swift; path = SettingsViewModel.swift; sourceTree = "<group>"; };
		E341043F27DA92F3006BCAB6 /* UserProfileHeader.swift */ = {isa = PBXFileReference; lastKnownFileType = sourcecode.swift; path = UserProfileHeader.swift; sourceTree = "<group>"; };
		E341044427DBF39C006BCAB6 /* HomeViewModel.swift */ = {isa = PBXFileReference; lastKnownFileType = sourcecode.swift; path = HomeViewModel.swift; sourceTree = "<group>"; };
		E341044827DBF46E006BCAB6 /* SpotifyImage.swift */ = {isa = PBXFileReference; lastKnownFileType = sourcecode.swift; path = SpotifyImage.swift; sourceTree = "<group>"; };
		E341045427DC003A006BCAB6 /* FeaturedPlaylistsResponse.swift */ = {isa = PBXFileReference; lastKnownFileType = sourcecode.swift; path = FeaturedPlaylistsResponse.swift; sourceTree = "<group>"; };
		E369E1C127DF726D00B6DCE8 /* TrackActionsViewController.swift */ = {isa = PBXFileReference; lastKnownFileType = sourcecode.swift; path = TrackActionsViewController.swift; sourceTree = "<group>"; };
		E369E1C327DF732E00B6DCE8 /* TrackActionsViewModel.swift */ = {isa = PBXFileReference; lastKnownFileType = sourcecode.swift; path = TrackActionsViewModel.swift; sourceTree = "<group>"; };
		E38EC3C327DD27F700482502 /* Functions.swift */ = {isa = PBXFileReference; lastKnownFileType = sourcecode.swift; path = Functions.swift; sourceTree = "<group>"; };
		E39AAA5727DFC30E0033877A /* TrackContainerHeaderView.swift */ = {isa = PBXFileReference; lastKnownFileType = sourcecode.swift; path = TrackContainerHeaderView.swift; sourceTree = "<group>"; };
		E39AAA5927DFCD0A0033877A /* UIImageExtension.swift */ = {isa = PBXFileReference; lastKnownFileType = sourcecode.swift; path = UIImageExtension.swift; sourceTree = "<group>"; };
		E39AAA5B27E0CD170033877A /* TrackContainerViewController.swift */ = {isa = PBXFileReference; lastKnownFileType = sourcecode.swift; path = TrackContainerViewController.swift; sourceTree = "<group>"; };
		E39AAA5D27E0CE690033877A /* Protocols.swift */ = {isa = PBXFileReference; lastKnownFileType = sourcecode.swift; path = Protocols.swift; sourceTree = "<group>"; };
		E39AAA5F27E0D7F20033877A /* PlaylistViewModel.swift */ = {isa = PBXFileReference; lastKnownFileType = sourcecode.swift; path = PlaylistViewModel.swift; sourceTree = "<group>"; };
		E39AAA6127E0D8CF0033877A /* PlaylistDetailResponse.swift */ = {isa = PBXFileReference; lastKnownFileType = sourcecode.swift; path = PlaylistDetailResponse.swift; sourceTree = "<group>"; };
		E39AAA6427E10D940033877A /* SearchResultsController.swift */ = {isa = PBXFileReference; lastKnownFileType = sourcecode.swift; path = SearchResultsController.swift; sourceTree = "<group>"; };
		E39AAA6627E10F190033877A /* SearchViewModel.swift */ = {isa = PBXFileReference; lastKnownFileType = sourcecode.swift; path = SearchViewModel.swift; sourceTree = "<group>"; };
		E39AAA6927E1146E0033877A /* SuggestionGroupViewCell.swift */ = {isa = PBXFileReference; lastKnownFileType = sourcecode.swift; path = SuggestionGroupViewCell.swift; sourceTree = "<group>"; };
		E3A7BC6427D95D600046154C /* SpotifyApp.app */ = {isa = PBXFileReference; explicitFileType = wrapper.application; includeInIndex = 0; path = SpotifyApp.app; sourceTree = BUILT_PRODUCTS_DIR; };
		E3A7BC6727D95D600046154C /* AppDelegate.swift */ = {isa = PBXFileReference; lastKnownFileType = sourcecode.swift; path = AppDelegate.swift; sourceTree = "<group>"; };
		E3A7BC6927D95D600046154C /* SceneDelegate.swift */ = {isa = PBXFileReference; lastKnownFileType = sourcecode.swift; path = SceneDelegate.swift; sourceTree = "<group>"; };
		E3A7BC7027D95D620046154C /* Assets.xcassets */ = {isa = PBXFileReference; lastKnownFileType = folder.assetcatalog; path = Assets.xcassets; sourceTree = "<group>"; };
		E3A7BC7327D95D620046154C /* Base */ = {isa = PBXFileReference; lastKnownFileType = file.storyboard; name = Base; path = Base.lproj/LaunchScreen.storyboard; sourceTree = "<group>"; };
		E3A7BC7527D95D620046154C /* Info.plist */ = {isa = PBXFileReference; lastKnownFileType = text.plist.xml; path = Info.plist; sourceTree = "<group>"; };
		E3A7BC7E27D95E200046154C /* TabBarController.swift */ = {isa = PBXFileReference; lastKnownFileType = sourcecode.swift; path = TabBarController.swift; sourceTree = "<group>"; };
		E3A7BC8027D95E3F0046154C /* HomeViewController.swift */ = {isa = PBXFileReference; lastKnownFileType = sourcecode.swift; path = HomeViewController.swift; sourceTree = "<group>"; };
		E3A7BC8227D95E480046154C /* SearchViewController.swift */ = {isa = PBXFileReference; lastKnownFileType = sourcecode.swift; path = SearchViewController.swift; sourceTree = "<group>"; };
		E3A7BC8427D95E500046154C /* LibraryViewController.swift */ = {isa = PBXFileReference; lastKnownFileType = sourcecode.swift; path = LibraryViewController.swift; sourceTree = "<group>"; };
		E3A7BC8627D9609F0046154C /* AuthManager.swift */ = {isa = PBXFileReference; lastKnownFileType = sourcecode.swift; path = AuthManager.swift; sourceTree = "<group>"; };
		E3A7BC8A27D962D30046154C /* WelcomeViewController.swift */ = {isa = PBXFileReference; lastKnownFileType = sourcecode.swift; path = WelcomeViewController.swift; sourceTree = "<group>"; };
		E3AA509927DC016700575C7F /* NewReleasesResponse.swift */ = {isa = PBXFileReference; lastKnownFileType = sourcecode.swift; path = NewReleasesResponse.swift; sourceTree = "<group>"; };
		E3AA509B27DC083B00575C7F /* UsersTopArtistsResponse.swift */ = {isa = PBXFileReference; lastKnownFileType = sourcecode.swift; path = UsersTopArtistsResponse.swift; sourceTree = "<group>"; };
		E3AA509D27DC09F100575C7F /* UsersTopTracksResponse.swift */ = {isa = PBXFileReference; lastKnownFileType = sourcecode.swift; path = UsersTopTracksResponse.swift; sourceTree = "<group>"; };
		E3AA509F27DC0A9100575C7F /* ArtistResponse.swift */ = {isa = PBXFileReference; lastKnownFileType = sourcecode.swift; path = ArtistResponse.swift; sourceTree = "<group>"; };
		E3AA50A127DC0B0E00575C7F /* AlbumResponse.swift */ = {isa = PBXFileReference; lastKnownFileType = sourcecode.swift; path = AlbumResponse.swift; sourceTree = "<group>"; };
		E3AA50A327DC0B6A00575C7F /* TrackResponse.swift */ = {isa = PBXFileReference; lastKnownFileType = sourcecode.swift; path = TrackResponse.swift; sourceTree = "<group>"; };
		E3AA50A527DC154400575C7F /* RecommendationsResponse.swift */ = {isa = PBXFileReference; lastKnownFileType = sourcecode.swift; path = RecommendationsResponse.swift; sourceTree = "<group>"; };
		E3AA50A827DCDCA700575C7F /* AlbumViewCell.swift */ = {isa = PBXFileReference; lastKnownFileType = sourcecode.swift; path = AlbumViewCell.swift; sourceTree = "<group>"; };
		E3AA50AA27DCDCB500575C7F /* FeaturedPlaylistCollectionViewCell.swift */ = {isa = PBXFileReference; lastKnownFileType = sourcecode.swift; path = FeaturedPlaylistCollectionViewCell.swift; sourceTree = "<group>"; };
		E3AA50AC27DCDCC200575C7F /* HomeTrackViewCell.swift */ = {isa = PBXFileReference; lastKnownFileType = sourcecode.swift; path = HomeTrackViewCell.swift; sourceTree = "<group>"; };
		E3AA50AF27DCE04900575C7F /* Models.swift */ = {isa = PBXFileReference; lastKnownFileType = sourcecode.swift; path = Models.swift; sourceTree = "<group>"; };
/* End PBXFileReference section */

/* Begin PBXFrameworksBuildPhase section */
		E3A7BC6127D95D600046154C /* Frameworks */ = {
			isa = PBXFrameworksBuildPhase;
			buildActionMask = 2147483647;
			files = (
				1321A0FEBDD04CB688B678C9 /* Pods_SpotifyApp.framework in Frameworks */,
			);
			runOnlyForDeploymentPostprocessing = 0;
		};
/* End PBXFrameworksBuildPhase section */

/* Begin PBXGroup section */
		38B8AD8DBF94846EE7319607 /* Pods */ = {
			isa = PBXGroup;
			children = (
				A333DFBC3153C4604FF74822 /* Pods-SpotifyApp.debug.xcconfig */,
				78121FC950771641BB941454 /* Pods-SpotifyApp.release.xcconfig */,
			);
			path = Pods;
			sourceTree = "<group>";
		};
		4ADCA390D850E5B5C52EAE9D /* Frameworks */ = {
			isa = PBXGroup;
			children = (
				62F0F78C231B5BB8A364798F /* Pods_SpotifyApp.framework */,
			);
			name = Frameworks;
			sourceTree = "<group>";
		};
		E341041E27D9792C006BCAB6 /* Model */ = {
			isa = PBXGroup;
			children = (
				E3AA50AE27DCE02700575C7F /* ResponseAPI */,
				E341043827DA875F006BCAB6 /* SettingsModels.swift */,
				E3AA50AF27DCE04900575C7F /* Models.swift */,
			);
			path = Model;
			sourceTree = "<group>";
		};
		E341042127DA5562006BCAB6 /* Managers */ = {
			isa = PBXGroup;
			children = (
				E3A7BC8627D9609F0046154C /* AuthManager.swift */,
				E341042227DA556E006BCAB6 /* APICaller.swift */,
			);
			path = Managers;
			sourceTree = "<group>";
		};
		E341042627DA65C0006BCAB6 /* Other */ = {
			isa = PBXGroup;
			children = (
				E3A7BC8A27D962D30046154C /* WelcomeViewController.swift */,
				E39AAA5B27E0CD170033877A /* TrackContainerViewController.swift */,
				E341042727DA65D4006BCAB6 /* UserProfileViewController.swift */,
				E341043427DA7354006BCAB6 /* SettingsViewController.swift */,
				E369E1C127DF726D00B6DCE8 /* TrackActionsViewController.swift */,
				E39AAA6427E10D940033877A /* SearchResultsController.swift */,
			);
			path = Other;
			sourceTree = "<group>";
		};
		E341042927DA661C006BCAB6 /* ViewModels */ = {
			isa = PBXGroup;
			children = (
				E341042A27DA662D006BCAB6 /* UserProfileViewModel.swift */,
				E341043C27DA8B27006BCAB6 /* SettingsViewModel.swift */,
				E341044427DBF39C006BCAB6 /* HomeViewModel.swift */,
				E337F77127DD4B2200689A7A /* AlbumViewModel.swift */,
				E39AAA5F27E0D7F20033877A /* PlaylistViewModel.swift */,
				E369E1C327DF732E00B6DCE8 /* TrackActionsViewModel.swift */,
				E39AAA5D27E0CE690033877A /* Protocols.swift */,
				E39AAA6627E10F190033877A /* SearchViewModel.swift */,
			);
			path = ViewModels;
			sourceTree = "<group>";
		};
		E341042C27DA66F4006BCAB6 /* Helper */ = {
			isa = PBXGroup;
			children = (
				E341042D27DA6702006BCAB6 /* Observable.swift */,
				E38EC3C327DD27F700482502 /* Functions.swift */,
				E39AAA5927DFCD0A0033877A /* UIImageExtension.swift */,
			);
			path = Helper;
			sourceTree = "<group>";
		};
		E341043327DA70A9006BCAB6 /* Application */ = {
			isa = PBXGroup;
			children = (
				E3A7BC6727D95D600046154C /* AppDelegate.swift */,
				E3A7BC6927D95D600046154C /* SceneDelegate.swift */,
			);
			path = Application;
			sourceTree = "<group>";
		};
		E341043E27DA92CE006BCAB6 /* Views */ = {
			isa = PBXGroup;
			children = (
				E39AAA6827E113F40033877A /* Search */,
				E3AA50A727DCDC8F00575C7F /* Home */,
				E3A7BC7227D95D620046154C /* LaunchScreen.storyboard */,
				E341043F27DA92F3006BCAB6 /* UserProfileHeader.swift */,
				E337F78127DDF8BE00689A7A /* ImageHeaderView.swift */,
				E337F79027DE772D00689A7A /* TrackViewCell.swift */,
				E39AAA5727DFC30E0033877A /* TrackContainerHeaderView.swift */,
			);
			path = Views;
			sourceTree = "<group>";
		};
		E341044127DA9E0F006BCAB6 /* Delegates */ = {
			isa = PBXGroup;
			children = (
				E341043A27DA8ACB006BCAB6 /* SettingsViewModelDelegate.swift */,
			);
			path = Delegates;
			sourceTree = "<group>";
		};
		E39AAA6327E10C540033877A /* DetailResponse */ = {
			isa = PBXGroup;
			children = (
				E39AAA6127E0D8CF0033877A /* PlaylistDetailResponse.swift */,
				E337F77927DD55AC00689A7A /* AlbumDetailResponse.swift */,
				E337F77B27DD561500689A7A /* ArtistDetailResponse.swift */,
				E337F77D27DD564300689A7A /* TrackDetailResponse.swift */,
			);
			path = DetailResponse;
			sourceTree = "<group>";
		};
		E39AAA6827E113F40033877A /* Search */ = {
			isa = PBXGroup;
			children = (
				E39AAA6927E1146E0033877A /* SuggestionGroupViewCell.swift */,
			);
			path = Search;
			sourceTree = "<group>";
		};
		E3A7BC5B27D95D5F0046154C = {
			isa = PBXGroup;
			children = (
				4ADCA390D850E5B5C52EAE9D /* Frameworks */,
				38B8AD8DBF94846EE7319607 /* Pods */,
				E3A7BC6527D95D600046154C /* Products */,
				E3A7BC6627D95D600046154C /* SpotifyApp */,
			);
			sourceTree = "<group>";
		};
		E3A7BC6527D95D600046154C /* Products */ = {
			isa = PBXGroup;
			children = (
				E3A7BC6427D95D600046154C /* SpotifyApp.app */,
			);
			name = Products;
			sourceTree = "<group>";
		};
		E3A7BC6627D95D600046154C /* SpotifyApp */ = {
			isa = PBXGroup;
			children = (
				E341044127DA9E0F006BCAB6 /* Delegates */,
				E341043327DA70A9006BCAB6 /* Application */,
				E341042C27DA66F4006BCAB6 /* Helper */,
				E341042927DA661C006BCAB6 /* ViewModels */,
				E3A7BC7B27D95D810046154C /* Resources */,
				E341042127DA5562006BCAB6 /* Managers */,
				E341041E27D9792C006BCAB6 /* Model */,
				E341043E27DA92CE006BCAB6 /* Views */,
				E3A7BC7C27D95DE40046154C /* ViewControllers */,
			);
			path = SpotifyApp;
			sourceTree = "<group>";
		};
		E3A7BC7B27D95D810046154C /* Resources */ = {
			isa = PBXGroup;
			children = (
				E3A7BC7027D95D620046154C /* Assets.xcassets */,
				E3A7BC7527D95D620046154C /* Info.plist */,
			);
			path = Resources;
			sourceTree = "<group>";
		};
		E3A7BC7C27D95DE40046154C /* ViewControllers */ = {
			isa = PBXGroup;
			children = (
				E341042627DA65C0006BCAB6 /* Other */,
				E3A7BC7D27D95DF40046154C /* Core */,
			);
			path = ViewControllers;
			sourceTree = "<group>";
		};
		E3A7BC7D27D95DF40046154C /* Core */ = {
			isa = PBXGroup;
			children = (
				E3A7BC7E27D95E200046154C /* TabBarController.swift */,
				E3A7BC8027D95E3F0046154C /* HomeViewController.swift */,
				E3A7BC8427D95E500046154C /* LibraryViewController.swift */,
				E3A7BC8227D95E480046154C /* SearchViewController.swift */,
			);
			path = Core;
			sourceTree = "<group>";
		};
		E3AA50A727DCDC8F00575C7F /* Home */ = {
			isa = PBXGroup;
			children = (
				E337F78D27DE5C3D00689A7A /* HomeSectionHeaderView.swift */,
				E3AA50A827DCDCA700575C7F /* AlbumViewCell.swift */,
				E3AA50AA27DCDCB500575C7F /* FeaturedPlaylistCollectionViewCell.swift */,
				E3AA50AC27DCDCC200575C7F /* HomeTrackViewCell.swift */,
				E337F78927DE2EA400689A7A /* UserPlaylistCollectionViewCell.swift */,
			);
			path = Home;
			sourceTree = "<group>";
		};
		E3AA50AE27DCE02700575C7F /* ResponseAPI */ = {
			isa = PBXGroup;
			children = (
				E341041F27D9793C006BCAB6 /* AuthResponse.swift */,
				E341042427DA55A6006BCAB6 /* UserProfileResponse.swift */,
				E341044827DBF46E006BCAB6 /* SpotifyImage.swift */,
				E337F78527DE1E9500689A7A /* CurrentUserPlaylistsResponse.swift */,
				E341045427DC003A006BCAB6 /* FeaturedPlaylistsResponse.swift */,
				E3AA509927DC016700575C7F /* NewReleasesResponse.swift */,
				E337F78B27DE4AA800689A7A /* RecentlyPlayedResponse.swift */,
				E3AA509B27DC083B00575C7F /* UsersTopArtistsResponse.swift */,
				E3AA509D27DC09F100575C7F /* UsersTopTracksResponse.swift */,
				E337F78727DE293900689A7A /* SearchResponse.swift */,
				E3AA509F27DC0A9100575C7F /* ArtistResponse.swift */,
				E3AA50A127DC0B0E00575C7F /* AlbumResponse.swift */,
				E3AA50A327DC0B6A00575C7F /* TrackResponse.swift */,
				E3AA50A527DC154400575C7F /* RecommendationsResponse.swift */,
				E39AAA6327E10C540033877A /* DetailResponse */,
			);
			path = ResponseAPI;
			sourceTree = "<group>";
		};
/* End PBXGroup section */

/* Begin PBXNativeTarget section */
		E3A7BC6327D95D600046154C /* SpotifyApp */ = {
			isa = PBXNativeTarget;
			buildConfigurationList = E3A7BC7827D95D620046154C /* Build configuration list for PBXNativeTarget "SpotifyApp" */;
			buildPhases = (
				1D7E88B2141A75CE207C317E /* [CP] Check Pods Manifest.lock */,
				E3A7BC6027D95D600046154C /* Sources */,
				E3A7BC6127D95D600046154C /* Frameworks */,
				E3A7BC6227D95D600046154C /* Resources */,
				0B82FA29B473D0A894BE9C0A /* [CP] Embed Pods Frameworks */,
			);
			buildRules = (
			);
			dependencies = (
			);
			name = SpotifyApp;
			productName = SpotifyApp;
			productReference = E3A7BC6427D95D600046154C /* SpotifyApp.app */;
			productType = "com.apple.product-type.application";
		};
/* End PBXNativeTarget section */

/* Begin PBXProject section */
		E3A7BC5C27D95D5F0046154C /* Project object */ = {
			isa = PBXProject;
			attributes = {
				BuildIndependentTargetsInParallel = 1;
				LastSwiftUpdateCheck = 1320;
				LastUpgradeCheck = 1320;
				TargetAttributes = {
					E3A7BC6327D95D600046154C = {
						CreatedOnToolsVersion = 13.2.1;
					};
				};
			};
			buildConfigurationList = E3A7BC5F27D95D5F0046154C /* Build configuration list for PBXProject "SpotifyApp" */;
			compatibilityVersion = "Xcode 13.0";
			developmentRegion = en;
			hasScannedForEncodings = 0;
			knownRegions = (
				en,
				Base,
			);
			mainGroup = E3A7BC5B27D95D5F0046154C;
			productRefGroup = E3A7BC6527D95D600046154C /* Products */;
			projectDirPath = "";
			projectRoot = "";
			targets = (
				E3A7BC6327D95D600046154C /* SpotifyApp */,
			);
		};
/* End PBXProject section */

/* Begin PBXResourcesBuildPhase section */
		E3A7BC6227D95D600046154C /* Resources */ = {
			isa = PBXResourcesBuildPhase;
			buildActionMask = 2147483647;
			files = (
				E3A7BC7427D95D620046154C /* LaunchScreen.storyboard in Resources */,
				E3A7BC7127D95D620046154C /* Assets.xcassets in Resources */,
			);
			runOnlyForDeploymentPostprocessing = 0;
		};
/* End PBXResourcesBuildPhase section */

/* Begin PBXShellScriptBuildPhase section */
		0B82FA29B473D0A894BE9C0A /* [CP] Embed Pods Frameworks */ = {
			isa = PBXShellScriptBuildPhase;
			buildActionMask = 2147483647;
			files = (
			);
			inputFileListPaths = (
				"${PODS_ROOT}/Target Support Files/Pods-SpotifyApp/Pods-SpotifyApp-frameworks-${CONFIGURATION}-input-files.xcfilelist",
			);
			name = "[CP] Embed Pods Frameworks";
			outputFileListPaths = (
				"${PODS_ROOT}/Target Support Files/Pods-SpotifyApp/Pods-SpotifyApp-frameworks-${CONFIGURATION}-output-files.xcfilelist",
			);
			runOnlyForDeploymentPostprocessing = 0;
			shellPath = /bin/sh;
			shellScript = "\"${PODS_ROOT}/Target Support Files/Pods-SpotifyApp/Pods-SpotifyApp-frameworks.sh\"\n";
			showEnvVarsInLog = 0;
		};
		1D7E88B2141A75CE207C317E /* [CP] Check Pods Manifest.lock */ = {
			isa = PBXShellScriptBuildPhase;
			buildActionMask = 2147483647;
			files = (
			);
			inputFileListPaths = (
			);
			inputPaths = (
				"${PODS_PODFILE_DIR_PATH}/Podfile.lock",
				"${PODS_ROOT}/Manifest.lock",
			);
			name = "[CP] Check Pods Manifest.lock";
			outputFileListPaths = (
			);
			outputPaths = (
				"$(DERIVED_FILE_DIR)/Pods-SpotifyApp-checkManifestLockResult.txt",
			);
			runOnlyForDeploymentPostprocessing = 0;
			shellPath = /bin/sh;
			shellScript = "diff \"${PODS_PODFILE_DIR_PATH}/Podfile.lock\" \"${PODS_ROOT}/Manifest.lock\" > /dev/null\nif [ $? != 0 ] ; then\n    # print error to STDERR\n    echo \"error: The sandbox is not in sync with the Podfile.lock. Run 'pod install' or update your CocoaPods installation.\" >&2\n    exit 1\nfi\n# This output is used by Xcode 'outputs' to avoid re-running this script phase.\necho \"SUCCESS\" > \"${SCRIPT_OUTPUT_FILE_0}\"\n";
			showEnvVarsInLog = 0;
		};
/* End PBXShellScriptBuildPhase section */

/* Begin PBXSourcesBuildPhase section */
		E3A7BC6027D95D600046154C /* Sources */ = {
			isa = PBXSourcesBuildPhase;
			buildActionMask = 2147483647;
			files = (
				E3A7BC8B27D962D30046154C /* WelcomeViewController.swift in Sources */,
				E341044527DBF39C006BCAB6 /* HomeViewModel.swift in Sources */,
				E3A7BC8327D95E480046154C /* SearchViewController.swift in Sources */,
				E38EC3C427DD27F700482502 /* Functions.swift in Sources */,
				E39AAA6527E10D940033877A /* SearchResultsController.swift in Sources */,
				E3AA50A027DC0A9100575C7F /* ArtistResponse.swift in Sources */,
				E337F77227DD4B2200689A7A /* AlbumViewModel.swift in Sources */,
				E3A7BC8727D9609F0046154C /* AuthManager.swift in Sources */,
				E341042B27DA662D006BCAB6 /* UserProfileViewModel.swift in Sources */,
				E39AAA6227E0D8CF0033877A /* PlaylistDetailResponse.swift in Sources */,
				E341044927DBF46E006BCAB6 /* SpotifyImage.swift in Sources */,
				E39AAA6727E10F190033877A /* SearchViewModel.swift in Sources */,
				E337F77C27DD561500689A7A /* ArtistDetailResponse.swift in Sources */,
				E337F78C27DE4AA800689A7A /* RecentlyPlayedResponse.swift in Sources */,
				E3A7BC8127D95E3F0046154C /* HomeViewController.swift in Sources */,
				E337F77E27DD564300689A7A /* TrackDetailResponse.swift in Sources */,
				E39AAA6A27E1146E0033877A /* SuggestionGroupViewCell.swift in Sources */,
				E337F78E27DE5C3D00689A7A /* HomeSectionHeaderView.swift in Sources */,
				E341043D27DA8B27006BCAB6 /* SettingsViewModel.swift in Sources */,
				E3A7BC7F27D95E200046154C /* TabBarController.swift in Sources */,
				E3AA50A927DCDCA700575C7F /* AlbumViewCell.swift in Sources */,
				E337F78627DE1E9500689A7A /* CurrentUserPlaylistsResponse.swift in Sources */,
				E39AAA5C27E0CD170033877A /* TrackContainerViewController.swift in Sources */,
				E3AA50AD27DCDCC200575C7F /* HomeTrackViewCell.swift in Sources */,
				E3AA509A27DC016700575C7F /* NewReleasesResponse.swift in Sources */,
				E3AA50AB27DCDCB500575C7F /* FeaturedPlaylistCollectionViewCell.swift in Sources */,
				E369E1C227DF726D00B6DCE8 /* TrackActionsViewController.swift in Sources */,
				E341044027DA92F3006BCAB6 /* UserProfileHeader.swift in Sources */,
				E369E1C427DF732E00B6DCE8 /* TrackActionsViewModel.swift in Sources */,
				E39AAA5827DFC30E0033877A /* TrackContainerHeaderView.swift in Sources */,
				E3A7BC8527D95E500046154C /* LibraryViewController.swift in Sources */,
				E341043527DA7354006BCAB6 /* SettingsViewController.swift in Sources */,
				E3A7BC6827D95D600046154C /* AppDelegate.swift in Sources */,
				E337F77A27DD55AC00689A7A /* AlbumDetailResponse.swift in Sources */,
				E337F78827DE293900689A7A /* SearchResponse.swift in Sources */,
				E39AAA5E27E0CE690033877A /* Protocols.swift in Sources */,
				E337F79127DE772D00689A7A /* TrackViewCell.swift in Sources */,
				E341042827DA65D4006BCAB6 /* UserProfileViewController.swift in Sources */,
				E341042527DA55A6006BCAB6 /* UserProfileResponse.swift in Sources */,
				E341042E27DA6702006BCAB6 /* Observable.swift in Sources */,
				E3AA50A227DC0B0E00575C7F /* AlbumResponse.swift in Sources */,
				E341042327DA556E006BCAB6 /* APICaller.swift in Sources */,
				E3AA509C27DC083B00575C7F /* UsersTopArtistsResponse.swift in Sources */,
				E341042027D9793C006BCAB6 /* AuthResponse.swift in Sources */,
				E39AAA6027E0D7F20033877A /* PlaylistViewModel.swift in Sources */,
				E341045527DC003A006BCAB6 /* FeaturedPlaylistsResponse.swift in Sources */,
				E3AA50B027DCE04900575C7F /* Models.swift in Sources */,
				E341043927DA875F006BCAB6 /* SettingsModels.swift in Sources */,
				E3AA509E27DC09F100575C7F /* UsersTopTracksResponse.swift in Sources */,
				E39AAA5A27DFCD0A0033877A /* UIImageExtension.swift in Sources */,
				E3AA50A427DC0B6A00575C7F /* TrackResponse.swift in Sources */,
				E341043B27DA8ACB006BCAB6 /* SettingsViewModelDelegate.swift in Sources */,
				E337F78227DDF8BE00689A7A /* ImageHeaderView.swift in Sources */,
				E3A7BC6A27D95D600046154C /* SceneDelegate.swift in Sources */,
				E3AA50A627DC154400575C7F /* RecommendationsResponse.swift in Sources */,
				E337F78A27DE2EA400689A7A /* UserPlaylistCollectionViewCell.swift in Sources */,
			);
			runOnlyForDeploymentPostprocessing = 0;
		};
/* End PBXSourcesBuildPhase section */

/* Begin PBXVariantGroup section */
		E3A7BC7227D95D620046154C /* LaunchScreen.storyboard */ = {
			isa = PBXVariantGroup;
			children = (
				E3A7BC7327D95D620046154C /* Base */,
			);
			name = LaunchScreen.storyboard;
			sourceTree = "<group>";
		};
/* End PBXVariantGroup section */

/* Begin XCBuildConfiguration section */
		E3A7BC7627D95D620046154C /* Debug */ = {
			isa = XCBuildConfiguration;
			buildSettings = {
				ALWAYS_SEARCH_USER_PATHS = NO;
				CLANG_ANALYZER_NONNULL = YES;
				CLANG_ANALYZER_NUMBER_OBJECT_CONVERSION = YES_AGGRESSIVE;
				CLANG_CXX_LANGUAGE_STANDARD = "gnu++17";
				CLANG_CXX_LIBRARY = "libc++";
				CLANG_ENABLE_MODULES = YES;
				CLANG_ENABLE_OBJC_ARC = YES;
				CLANG_ENABLE_OBJC_WEAK = YES;
				CLANG_WARN_BLOCK_CAPTURE_AUTORELEASING = YES;
				CLANG_WARN_BOOL_CONVERSION = YES;
				CLANG_WARN_COMMA = YES;
				CLANG_WARN_CONSTANT_CONVERSION = YES;
				CLANG_WARN_DEPRECATED_OBJC_IMPLEMENTATIONS = YES;
				CLANG_WARN_DIRECT_OBJC_ISA_USAGE = YES_ERROR;
				CLANG_WARN_DOCUMENTATION_COMMENTS = YES;
				CLANG_WARN_EMPTY_BODY = YES;
				CLANG_WARN_ENUM_CONVERSION = YES;
				CLANG_WARN_INFINITE_RECURSION = YES;
				CLANG_WARN_INT_CONVERSION = YES;
				CLANG_WARN_NON_LITERAL_NULL_CONVERSION = YES;
				CLANG_WARN_OBJC_IMPLICIT_RETAIN_SELF = YES;
				CLANG_WARN_OBJC_LITERAL_CONVERSION = YES;
				CLANG_WARN_OBJC_ROOT_CLASS = YES_ERROR;
				CLANG_WARN_QUOTED_INCLUDE_IN_FRAMEWORK_HEADER = YES;
				CLANG_WARN_RANGE_LOOP_ANALYSIS = YES;
				CLANG_WARN_STRICT_PROTOTYPES = YES;
				CLANG_WARN_SUSPICIOUS_MOVE = YES;
				CLANG_WARN_UNGUARDED_AVAILABILITY = YES_AGGRESSIVE;
				CLANG_WARN_UNREACHABLE_CODE = YES;
				CLANG_WARN__DUPLICATE_METHOD_MATCH = YES;
				COPY_PHASE_STRIP = NO;
				DEBUG_INFORMATION_FORMAT = dwarf;
				ENABLE_STRICT_OBJC_MSGSEND = YES;
				ENABLE_TESTABILITY = YES;
				GCC_C_LANGUAGE_STANDARD = gnu11;
				GCC_DYNAMIC_NO_PIC = NO;
				GCC_NO_COMMON_BLOCKS = YES;
				GCC_OPTIMIZATION_LEVEL = 0;
				GCC_PREPROCESSOR_DEFINITIONS = (
					"DEBUG=1",
					"$(inherited)",
				);
				GCC_WARN_64_TO_32_BIT_CONVERSION = YES;
				GCC_WARN_ABOUT_RETURN_TYPE = YES_ERROR;
				GCC_WARN_UNDECLARED_SELECTOR = YES;
				GCC_WARN_UNINITIALIZED_AUTOS = YES_AGGRESSIVE;
				GCC_WARN_UNUSED_FUNCTION = YES;
				GCC_WARN_UNUSED_VARIABLE = YES;
				IPHONEOS_DEPLOYMENT_TARGET = 15.2;
				MTL_ENABLE_DEBUG_INFO = INCLUDE_SOURCE;
				MTL_FAST_MATH = YES;
				ONLY_ACTIVE_ARCH = YES;
				SDKROOT = iphoneos;
				SWIFT_ACTIVE_COMPILATION_CONDITIONS = DEBUG;
				SWIFT_OPTIMIZATION_LEVEL = "-Onone";
			};
			name = Debug;
		};
		E3A7BC7727D95D620046154C /* Release */ = {
			isa = XCBuildConfiguration;
			buildSettings = {
				ALWAYS_SEARCH_USER_PATHS = NO;
				CLANG_ANALYZER_NONNULL = YES;
				CLANG_ANALYZER_NUMBER_OBJECT_CONVERSION = YES_AGGRESSIVE;
				CLANG_CXX_LANGUAGE_STANDARD = "gnu++17";
				CLANG_CXX_LIBRARY = "libc++";
				CLANG_ENABLE_MODULES = YES;
				CLANG_ENABLE_OBJC_ARC = YES;
				CLANG_ENABLE_OBJC_WEAK = YES;
				CLANG_WARN_BLOCK_CAPTURE_AUTORELEASING = YES;
				CLANG_WARN_BOOL_CONVERSION = YES;
				CLANG_WARN_COMMA = YES;
				CLANG_WARN_CONSTANT_CONVERSION = YES;
				CLANG_WARN_DEPRECATED_OBJC_IMPLEMENTATIONS = YES;
				CLANG_WARN_DIRECT_OBJC_ISA_USAGE = YES_ERROR;
				CLANG_WARN_DOCUMENTATION_COMMENTS = YES;
				CLANG_WARN_EMPTY_BODY = YES;
				CLANG_WARN_ENUM_CONVERSION = YES;
				CLANG_WARN_INFINITE_RECURSION = YES;
				CLANG_WARN_INT_CONVERSION = YES;
				CLANG_WARN_NON_LITERAL_NULL_CONVERSION = YES;
				CLANG_WARN_OBJC_IMPLICIT_RETAIN_SELF = YES;
				CLANG_WARN_OBJC_LITERAL_CONVERSION = YES;
				CLANG_WARN_OBJC_ROOT_CLASS = YES_ERROR;
				CLANG_WARN_QUOTED_INCLUDE_IN_FRAMEWORK_HEADER = YES;
				CLANG_WARN_RANGE_LOOP_ANALYSIS = YES;
				CLANG_WARN_STRICT_PROTOTYPES = YES;
				CLANG_WARN_SUSPICIOUS_MOVE = YES;
				CLANG_WARN_UNGUARDED_AVAILABILITY = YES_AGGRESSIVE;
				CLANG_WARN_UNREACHABLE_CODE = YES;
				CLANG_WARN__DUPLICATE_METHOD_MATCH = YES;
				COPY_PHASE_STRIP = NO;
				DEBUG_INFORMATION_FORMAT = "dwarf-with-dsym";
				ENABLE_NS_ASSERTIONS = NO;
				ENABLE_STRICT_OBJC_MSGSEND = YES;
				GCC_C_LANGUAGE_STANDARD = gnu11;
				GCC_NO_COMMON_BLOCKS = YES;
				GCC_WARN_64_TO_32_BIT_CONVERSION = YES;
				GCC_WARN_ABOUT_RETURN_TYPE = YES_ERROR;
				GCC_WARN_UNDECLARED_SELECTOR = YES;
				GCC_WARN_UNINITIALIZED_AUTOS = YES_AGGRESSIVE;
				GCC_WARN_UNUSED_FUNCTION = YES;
				GCC_WARN_UNUSED_VARIABLE = YES;
				IPHONEOS_DEPLOYMENT_TARGET = 15.2;
				MTL_ENABLE_DEBUG_INFO = NO;
				MTL_FAST_MATH = YES;
				SDKROOT = iphoneos;
				SWIFT_COMPILATION_MODE = wholemodule;
				SWIFT_OPTIMIZATION_LEVEL = "-O";
				VALIDATE_PRODUCT = YES;
			};
			name = Release;
		};
		E3A7BC7927D95D620046154C /* Debug */ = {
			isa = XCBuildConfiguration;
			baseConfigurationReference = A333DFBC3153C4604FF74822 /* Pods-SpotifyApp.debug.xcconfig */;
			buildSettings = {
				ASSETCATALOG_COMPILER_APPICON_NAME = AppIcon;
				ASSETCATALOG_COMPILER_GLOBAL_ACCENT_COLOR_NAME = AccentColor;
				CODE_SIGN_STYLE = Automatic;
				CURRENT_PROJECT_VERSION = 1;
				DEVELOPMENT_TEAM = GW7LHNH94F;
				GENERATE_INFOPLIST_FILE = YES;
				INFOPLIST_FILE = SpotifyApp/Resources/Info.plist;
				INFOPLIST_KEY_UIApplicationSupportsIndirectInputEvents = YES;
				INFOPLIST_KEY_UILaunchStoryboardName = LaunchScreen;
				INFOPLIST_KEY_UISupportedInterfaceOrientations = UIInterfaceOrientationPortrait;
				INFOPLIST_KEY_UISupportedInterfaceOrientations_iPad = "UIInterfaceOrientationPortrait UIInterfaceOrientationPortraitUpsideDown UIInterfaceOrientationLandscapeLeft UIInterfaceOrientationLandscapeRight";
				INFOPLIST_KEY_UISupportedInterfaceOrientations_iPhone = "UIInterfaceOrientationPortrait UIInterfaceOrientationLandscapeLeft UIInterfaceOrientationLandscapeRight";
				LD_RUNPATH_SEARCH_PATHS = (
					"$(inherited)",
					"@executable_path/Frameworks",
				);
				MARKETING_VERSION = 1.0;
				PRODUCT_BUNDLE_IDENTIFIER = ViktorRubenko.SpotifyApp;
				PRODUCT_NAME = "$(TARGET_NAME)";
				SWIFT_EMIT_LOC_STRINGS = YES;
				SWIFT_VERSION = 5.0;
				TARGETED_DEVICE_FAMILY = 1;
			};
			name = Debug;
		};
		E3A7BC7A27D95D620046154C /* Release */ = {
			isa = XCBuildConfiguration;
			baseConfigurationReference = 78121FC950771641BB941454 /* Pods-SpotifyApp.release.xcconfig */;
			buildSettings = {
				ASSETCATALOG_COMPILER_APPICON_NAME = AppIcon;
				ASSETCATALOG_COMPILER_GLOBAL_ACCENT_COLOR_NAME = AccentColor;
				CODE_SIGN_STYLE = Automatic;
				CURRENT_PROJECT_VERSION = 1;
				DEVELOPMENT_TEAM = GW7LHNH94F;
				GENERATE_INFOPLIST_FILE = YES;
				INFOPLIST_FILE = SpotifyApp/Resources/Info.plist;
				INFOPLIST_KEY_UIApplicationSupportsIndirectInputEvents = YES;
				INFOPLIST_KEY_UILaunchStoryboardName = LaunchScreen;
				INFOPLIST_KEY_UISupportedInterfaceOrientations = UIInterfaceOrientationPortrait;
				INFOPLIST_KEY_UISupportedInterfaceOrientations_iPad = "UIInterfaceOrientationPortrait UIInterfaceOrientationPortraitUpsideDown UIInterfaceOrientationLandscapeLeft UIInterfaceOrientationLandscapeRight";
				INFOPLIST_KEY_UISupportedInterfaceOrientations_iPhone = "UIInterfaceOrientationPortrait UIInterfaceOrientationLandscapeLeft UIInterfaceOrientationLandscapeRight";
				LD_RUNPATH_SEARCH_PATHS = (
					"$(inherited)",
					"@executable_path/Frameworks",
				);
				MARKETING_VERSION = 1.0;
				PRODUCT_BUNDLE_IDENTIFIER = ViktorRubenko.SpotifyApp;
				PRODUCT_NAME = "$(TARGET_NAME)";
				SWIFT_EMIT_LOC_STRINGS = YES;
				SWIFT_VERSION = 5.0;
				TARGETED_DEVICE_FAMILY = 1;
			};
			name = Release;
		};
/* End XCBuildConfiguration section */

/* Begin XCConfigurationList section */
		E3A7BC5F27D95D5F0046154C /* Build configuration list for PBXProject "SpotifyApp" */ = {
			isa = XCConfigurationList;
			buildConfigurations = (
				E3A7BC7627D95D620046154C /* Debug */,
				E3A7BC7727D95D620046154C /* Release */,
			);
			defaultConfigurationIsVisible = 0;
			defaultConfigurationName = Release;
		};
		E3A7BC7827D95D620046154C /* Build configuration list for PBXNativeTarget "SpotifyApp" */ = {
			isa = XCConfigurationList;
			buildConfigurations = (
				E3A7BC7927D95D620046154C /* Debug */,
				E3A7BC7A27D95D620046154C /* Release */,
			);
			defaultConfigurationIsVisible = 0;
			defaultConfigurationName = Release;
		};
/* End XCConfigurationList section */
	};
	rootObject = E3A7BC5C27D95D5F0046154C /* Project object */;
}
